{
  "name": "PracticeJava",
  "lockfileVersion": 2,
  "requires": true,
  "packages": {
    "": {
      "dependencies": {
        "coc-tabnine": "^1.3.6"
      }
    },
    "node_modules/coc-tabnine": {
      "version": "1.3.6",
      "resolved": "https://registry.npmjs.org/coc-tabnine/-/coc-tabnine-1.3.6.tgz",
      "integrity": "sha512-6yKBny54MoGpm2bWwx2SX8O8cYjFgcQtfxg8klZoh1Nhxjamo2eNALjyvtOc/N9o7Mh+w/hn4nApXiwoJZqy0g==",
      "engines": {
        "coc": "^0.0.80"
      }
    }
  },
  "dependencies": {
    "coc-tabnine": {
      "version": "1.3.6",
      "resolved": "https://registry.npmjs.org/coc-tabnine/-/coc-tabnine-1.3.6.tgz",
      "integrity": "sha512-6yKBny54MoGpm2bWwx2SX8O8cYjFgcQtfxg8klZoh1Nhxjamo2eNALjyvtOc/N9o7Mh+w/hn4nApXiwoJZqy0g=="
    }
  }
}
